
Microsoft Visual Studio Solution File, Format Version 12.00
# Visual Studio 15
VisualStudioVersion = 15.0.27428.2037
MinimumVisualStudioVersion = 10.0.40219.1
Project("{FAE04EC0-301F-11D3-BF4B-00C04F79EFBC}") = "NoteTree.Android", "NoteTree\NoteTree.Android\NoteTree.Android.csproj", "{749A8498-124C-491E-8A7B-F2B9E573AA30}"
EndProject
Project("{FAE04EC0-301F-11D3-BF4B-00C04F79EFBC}") = "NoteTree.iOS", "NoteTree\NoteTree.iOS\NoteTree.iOS.csproj", "{C4B706FF-11A6-4558-9CB8-479821A52EE7}"
EndProject
Project("{FAE04EC0-301F-11D3-BF4B-00C04F79EFBC}") = "NoteTree.UWP", "NoteTree\NoteTree.UWP\NoteTree.UWP.csproj", "{C8A3149D-77FF-452C-AF68-AA38A7FCB3CD}"
EndProject
Project("{FAE04EC0-301F-11D3-BF4B-00C04F79EFBC}") = "NoteTree", "NoteTree\NoteTree\NoteTree.csproj", "{7C641B62-4B82-4E27-960E-1BDEC22F2FEE}"
EndProject
Global
	GlobalSection(SolutionConfigurationPlatforms) = preSolution
		Ad-Hoc|Any CPU = Ad-Hoc|Any CPU
		Ad-Hoc|ARM = Ad-Hoc|ARM
		Ad-Hoc|iPhone = Ad-Hoc|iPhone
		Ad-Hoc|iPhoneSimulator = Ad-Hoc|iPhoneSimulator
		Ad-Hoc|x64 = Ad-Hoc|x64
		Ad-Hoc|x86 = Ad-Hoc|x86
		AppStore|Any CPU = AppStore|Any CPU
		AppStore|ARM = AppStore|ARM
		AppStore|iPhone = AppStore|iPhone
		AppStore|iPhoneSimulator = AppStore|iPhoneSimulator
		AppStore|x64 = AppStore|x64
		AppStore|x86 = AppStore|x86
		Debug|Any CPU = Debug|Any CPU
		Debug|ARM = Debug|ARM
		Debug|iPhone = Debug|iPhone
		Debug|iPhoneSimulator = Debug|iPhoneSimulator
		Debug|x64 = Debug|x64
		Debug|x86 = Debug|x86
		Release|Any CPU = Release|Any CPU
		Release|ARM = Release|ARM
		Release|iPhone = Release|iPhone
		Release|iPhoneSimulator = Release|iPhoneSimulator
		Release|x64 = Release|x64
		Release|x86 = Release|x86
	EndGlobalSection
	GlobalSection(ProjectConfigurationPlatforms) = postSolution
		{749A8498-124C-491E-8A7B-F2B9E573AA30}.Ad-Hoc|Any CPU.ActiveCfg = Release|Any CPU
		{749A8498-124C-491E-8A7B-F2B9E573AA30}.Ad-Hoc|Any CPU.Build.0 = Release|Any CPU
		{749A8498-124C-491E-8A7B-F2B9E573AA30}.Ad-Hoc|Any CPU.Deploy.0 = Release|Any CPU
		{749A8498-124C-491E-8A7B-F2B9E573AA30}.Ad-Hoc|ARM.ActiveCfg = Release|Any CPU
		{749A8498-124C-491E-8A7B-F2B9E573AA30}.Ad-Hoc|ARM.Build.0 = Release|Any CPU
		{749A8498-124C-491E-8A7B-F2B9E573AA30}.Ad-Hoc|ARM.Deploy.0 = Release|Any CPU
		{749A8498-124C-491E-8A7B-F2B9E573AA30}.Ad-Hoc|iPhone.ActiveCfg = Release|Any CPU
		{749A8498-124C-491E-8A7B-F2B9E573AA30}.Ad-Hoc|iPhone.Build.0 = Release|Any CPU
		{749A8498-124C-491E-8A7B-F2B9E573AA30}.Ad-Hoc|iPhone.Deploy.0 = Release|Any CPU
		{749A8498-124C-491E-8A7B-F2B9E573AA30}.Ad-Hoc|iPhoneSimulator.ActiveCfg = Release|Any CPU
		{749A8498-124C-491E-8A7B-F2B9E573AA30}.Ad-Hoc|iPhoneSimulator.Build.0 = Release|Any CPU
		{749A8498-124C-491E-8A7B-F2B9E573AA30}.Ad-Hoc|iPhoneSimulator.Deploy.0 = Release|Any CPU
		{749A8498-124C-491E-8A7B-F2B9E573AA30}.Ad-Hoc|x64.ActiveCfg = Release|Any CPU
		{749A8498-124C-491E-8A7B-F2B9E573AA30}.Ad-Hoc|x64.Build.0 = Release|Any CPU
		{749A8498-124C-491E-8A7B-F2B9E573AA30}.Ad-Hoc|x64.Deploy.0 = Release|Any CPU
		{749A8498-124C-491E-8A7B-F2B9E573AA30}.Ad-Hoc|x86.ActiveCfg = Release|Any CPU
		{749A8498-124C-491E-8A7B-F2B9E573AA30}.Ad-Hoc|x86.Build.0 = Release|Any CPU
		{749A8498-124C-491E-8A7B-F2B9E573AA30}.Ad-Hoc|x86.Deploy.0 = Release|Any CPU
		{749A8498-124C-491E-8A7B-F2B9E573AA30}.AppStore|Any CPU.ActiveCfg = Release|Any CPU
		{749A8498-124C-491E-8A7B-F2B9E573AA30}.AppStore|Any CPU.Build.0 = Release|Any CPU
		{749A8498-124C-491E-8A7B-F2B9E573AA30}.AppStore|Any CPU.Deploy.0 = Release|Any CPU
		{749A8498-124C-491E-8A7B-F2B9E573AA30}.AppStore|ARM.ActiveCfg = Release|Any CPU
		{749A8498-124C-491E-8A7B-F2B9E573AA30}.AppStore|ARM.Build.0 = Release|Any CPU
		{749A8498-124C-491E-8A7B-F2B9E573AA30}.AppStore|ARM.Deploy.0 = Release|Any CPU
		{749A8498-124C-491E-8A7B-F2B9E573AA30}.AppStore|iPhone.ActiveCfg = Release|Any CPU
		{749A8498-124C-491E-8A7B-F2B9E573AA30}.AppStore|iPhone.Build.0 = Release|Any CPU
		{749A8498-124C-491E-8A7B-F2B9E573AA30}.AppStore|iPhone.Deploy.0 = Release|Any CPU
		{749A8498-124C-491E-8A7B-F2B9E573AA30}.AppStore|iPhoneSimulator.ActiveCfg = Release|Any CPU
		{749A8498-124C-491E-8A7B-F2B9E573AA30}.AppStore|iPhoneSimulator.Build.0 = Release|Any CPU
		{749A8498-124C-491E-8A7B-F2B9E573AA30}.AppStore|iPhoneSimulator.Deploy.0 = Release|Any CPU
		{749A8498-124C-491E-8A7B-F2B9E573AA30}.AppStore|x64.ActiveCfg = Release|Any CPU
		{749A8498-124C-491E-8A7B-F2B9E573AA30}.AppStore|x64.Build.0 = Release|Any CPU
		{749A8498-124C-491E-8A7B-F2B9E573AA30}.AppStore|x64.Deploy.0 = Release|Any CPU
		{749A8498-124C-491E-8A7B-F2B9E573AA30}.AppStore|x86.ActiveCfg = Release|Any CPU
		{749A8498-124C-491E-8A7B-F2B9E573AA30}.AppStore|x86.Build.0 = Release|Any CPU
		{749A8498-124C-491E-8A7B-F2B9E573AA30}.AppStore|x86.Deploy.0 = Release|Any CPU
		{749A8498-124C-491E-8A7B-F2B9E573AA30}.Debug|Any CPU.ActiveCfg = Debug|Any CPU
		{749A8498-124C-491E-8A7B-F2B9E573AA30}.Debug|Any CPU.Build.0 = Debug|Any CPU
		{749A8498-124C-491E-8A7B-F2B9E573AA30}.Debug|Any CPU.Deploy.0 = Debug|Any CPU
		{749A8498-124C-491E-8A7B-F2B9E573AA30}.Debug|ARM.ActiveCfg = Debug|Any CPU
		{749A8498-124C-491E-8A7B-F2B9E573AA30}.Debug|ARM.Build.0 = Debug|Any CPU
		{749A8498-124C-491E-8A7B-F2B9E573AA30}.Debug|ARM.Deploy.0 = Debug|Any CPU
		{749A8498-124C-491E-8A7B-F2B9E573AA30}.Debug|iPhone.ActiveCfg = Debug|Any CPU
		{749A8498-124C-491E-8A7B-F2B9E573AA30}.Debug|iPhone.Build.0 = Debug|Any CPU
		{749A8498-124C-491E-8A7B-F2B9E573AA30}.Debug|iPhone.Deploy.0 = Debug|Any CPU
		{749A8498-124C-491E-8A7B-F2B9E573AA30}.Debug|iPhoneSimulator.ActiveCfg = Debug|Any CPU
		{749A8498-124C-491E-8A7B-F2B9E573AA30}.Debug|iPhoneSimulator.Build.0 = Debug|Any CPU
		{749A8498-124C-491E-8A7B-F2B9E573AA30}.Debug|iPhoneSimulator.Deploy.0 = Debug|Any CPU
		{749A8498-124C-491E-8A7B-F2B9E573AA30}.Debug|x64.ActiveCfg = Debug|Any CPU
		{749A8498-124C-491E-8A7B-F2B9E573AA30}.Debug|x64.Build.0 = Debug|Any CPU
		{749A8498-124C-491E-8A7B-F2B9E573AA30}.Debug|x64.Deploy.0 = Debug|Any CPU
		{749A8498-124C-491E-8A7B-F2B9E573AA30}.Debug|x86.ActiveCfg = Debug|Any CPU
		{749A8498-124C-491E-8A7B-F2B9E573AA30}.Debug|x86.Build.0 = Debug|Any CPU
		{749A8498-124C-491E-8A7B-F2B9E573AA30}.Debug|x86.Deploy.0 = Debug|Any CPU
		{749A8498-124C-491E-8A7B-F2B9E573AA30}.Release|Any CPU.ActiveCfg = Release|Any CPU
		{749A8498-124C-491E-8A7B-F2B9E573AA30}.Release|Any CPU.Build.0 = Release|Any CPU
		{749A8498-124C-491E-8A7B-F2B9E573AA30}.Release|Any CPU.Deploy.0 = Release|Any CPU
		{749A8498-124C-491E-8A7B-F2B9E573AA30}.Release|ARM.ActiveCfg = Release|Any CPU
		{749A8498-124C-491E-8A7B-F2B9E573AA30}.Release|ARM.Build.0 = Release|Any CPU
		{749A8498-124C-491E-8A7B-F2B9E573AA30}.Release|ARM.Deploy.0 = Release|Any CPU
		{749A8498-124C-491E-8A7B-F2B9E573AA30}.Release|iPhone.ActiveCfg = Release|Any CPU
		{749A8498-124C-491E-8A7B-F2B9E573AA30}.Release|iPhone.Build.0 = Release|Any CPU
		{749A8498-124C-491E-8A7B-F2B9E573AA30}.Release|iPhone.Deploy.0 = Release|Any CPU
		{749A8498-124C-491E-8A7B-F2B9E573AA30}.Release|iPhoneSimulator.ActiveCfg = Release|Any CPU
		{749A8498-124C-491E-8A7B-F2B9E573AA30}.Release|iPhoneSimulator.Build.0 = Release|Any CPU
		{749A8498-124C-491E-8A7B-F2B9E573AA30}.Release|iPhoneSimulator.Deploy.0 = Release|Any CPU
		{749A8498-124C-491E-8A7B-F2B9E573AA30}.Release|x64.ActiveCfg = Release|Any CPU
		{749A8498-124C-491E-8A7B-F2B9E573AA30}.Release|x64.Build.0 = Release|Any CPU
		{749A8498-124C-491E-8A7B-F2B9E573AA30}.Release|x64.Deploy.0 = Release|Any CPU
		{749A8498-124C-491E-8A7B-F2B9E573AA30}.Release|x86.ActiveCfg = Release|Any CPU
		{749A8498-124C-491E-8A7B-F2B9E573AA30}.Release|x86.Build.0 = Release|Any CPU
		{749A8498-124C-491E-8A7B-F2B9E573AA30}.Release|x86.Deploy.0 = Release|Any CPU
		{C4B706FF-11A6-4558-9CB8-479821A52EE7}.Ad-Hoc|Any CPU.ActiveCfg = Ad-Hoc|iPhone
		{C4B706FF-11A6-4558-9CB8-479821A52EE7}.Ad-Hoc|ARM.ActiveCfg = Ad-Hoc|iPhone
		{C4B706FF-11A6-4558-9CB8-479821A52EE7}.Ad-Hoc|iPhone.ActiveCfg = Ad-Hoc|iPhone
		{C4B706FF-11A6-4558-9CB8-479821A52EE7}.Ad-Hoc|iPhone.Build.0 = Ad-Hoc|iPhone
		{C4B706FF-11A6-4558-9CB8-479821A52EE7}.Ad-Hoc|iPhoneSimulator.ActiveCfg = Ad-Hoc|iPhoneSimulator
		{C4B706FF-11A6-4558-9CB8-479821A52EE7}.Ad-Hoc|iPhoneSimulator.Build.0 = Ad-Hoc|iPhoneSimulator
		{C4B706FF-11A6-4558-9CB8-479821A52EE7}.Ad-Hoc|x64.ActiveCfg = Ad-Hoc|iPhone
		{C4B706FF-11A6-4558-9CB8-479821A52EE7}.Ad-Hoc|x86.ActiveCfg = Ad-Hoc|iPhone
		{C4B706FF-11A6-4558-9CB8-479821A52EE7}.AppStore|Any CPU.ActiveCfg = AppStore|iPhone
		{C4B706FF-11A6-4558-9CB8-479821A52EE7}.AppStore|ARM.ActiveCfg = AppStore|iPhone
		{C4B706FF-11A6-4558-9CB8-479821A52EE7}.AppStore|iPhone.ActiveCfg = AppStore|iPhone
		{C4B706FF-11A6-4558-9CB8-479821A52EE7}.AppStore|iPhone.Build.0 = AppStore|iPhone
		{C4B706FF-11A6-4558-9CB8-479821A52EE7}.AppStore|iPhoneSimulator.ActiveCfg = AppStore|iPhoneSimulator
		{C4B706FF-11A6-4558-9CB8-479821A52EE7}.AppStore|iPhoneSimulator.Build.0 = AppStore|iPhoneSimulator
		{C4B706FF-11A6-4558-9CB8-479821A52EE7}.AppStore|x64.ActiveCfg = AppStore|iPhone
		{C4B706FF-11A6-4558-9CB8-479821A52EE7}.AppStore|x86.ActiveCfg = AppStore|iPhone
		{C4B706FF-11A6-4558-9CB8-479821A52EE7}.Debug|Any CPU.ActiveCfg = Debug|iPhone
		{C4B706FF-11A6-4558-9CB8-479821A52EE7}.Debug|ARM.ActiveCfg = Debug|iPhone
		{C4B706FF-11A6-4558-9CB8-479821A52EE7}.Debug|iPhone.ActiveCfg = Debug|iPhone
		{C4B706FF-11A6-4558-9CB8-479821A52EE7}.Debug|iPhone.Build.0 = Debug|iPhone
		{C4B706FF-11A6-4558-9CB8-479821A52EE7}.Debug|iPhoneSimulator.ActiveCfg = Debug|iPhoneSimulator
		{C4B706FF-11A6-4558-9CB8-479821A52EE7}.Debug|iPhoneSimulator.Build.0 = Debug|iPhoneSimulator
		{C4B706FF-11A6-4558-9CB8-479821A52EE7}.Debug|x64.ActiveCfg = Debug|iPhone
		{C4B706FF-11A6-4558-9CB8-479821A52EE7}.Debug|x86.ActiveCfg = Debug|iPhone
		{C4B706FF-11A6-4558-9CB8-479821A52EE7}.Release|Any CPU.ActiveCfg = Release|iPhone
		{C4B706FF-11A6-4558-9CB8-479821A52EE7}.Release|ARM.ActiveCfg = Release|iPhone
		{C4B706FF-11A6-4558-9CB8-479821A52EE7}.Release|iPhone.ActiveCfg = Release|iPhone
		{C4B706FF-11A6-4558-9CB8-479821A52EE7}.Release|iPhone.Build.0 = Release|iPhone
		{C4B706FF-11A6-4558-9CB8-479821A52EE7}.Release|iPhoneSimulator.ActiveCfg = Release|iPhoneSimulator
		{C4B706FF-11A6-4558-9CB8-479821A52EE7}.Release|iPhoneSimulator.Build.0 = Release|iPhoneSimulator
		{C4B706FF-11A6-4558-9CB8-479821A52EE7}.Release|x64.ActiveCfg = Release|iPhone
		{C4B706FF-11A6-4558-9CB8-479821A52EE7}.Release|x86.ActiveCfg = Release|iPhone
		{C8A3149D-77FF-452C-AF68-AA38A7FCB3CD}.Ad-Hoc|Any CPU.ActiveCfg = Release|x86
		{C8A3149D-77FF-452C-AF68-AA38A7FCB3CD}.Ad-Hoc|Any CPU.Build.0 = Release|x86
		{C8A3149D-77FF-452C-AF68-AA38A7FCB3CD}.Ad-Hoc|Any CPU.Deploy.0 = Release|x86
		{C8A3149D-77FF-452C-AF68-AA38A7FCB3CD}.Ad-Hoc|ARM.ActiveCfg = Release|ARM
		{C8A3149D-77FF-452C-AF68-AA38A7FCB3CD}.Ad-Hoc|ARM.Build.0 = Release|ARM
		{C8A3149D-77FF-452C-AF68-AA38A7FCB3CD}.Ad-Hoc|ARM.Deploy.0 = Release|ARM
		{C8A3149D-77FF-452C-AF68-AA38A7FCB3CD}.Ad-Hoc|iPhone.ActiveCfg = Release|x86
		{C8A3149D-77FF-452C-AF68-AA38A7FCB3CD}.Ad-Hoc|iPhone.Build.0 = Release|x86
		{C8A3149D-77FF-452C-AF68-AA38A7FCB3CD}.Ad-Hoc|iPhone.Deploy.0 = Release|x86
		{C8A3149D-77FF-452C-AF68-AA38A7FCB3CD}.Ad-Hoc|iPhoneSimulator.ActiveCfg = Release|x86
		{C8A3149D-77FF-452C-AF68-AA38A7FCB3CD}.Ad-Hoc|iPhoneSimulator.Build.0 = Release|x86
		{C8A3149D-77FF-452C-AF68-AA38A7FCB3CD}.Ad-Hoc|iPhoneSimulator.Deploy.0 = Release|x86
		{C8A3149D-77FF-452C-AF68-AA38A7FCB3CD}.Ad-Hoc|x64.ActiveCfg = Release|x64
		{C8A3149D-77FF-452C-AF68-AA38A7FCB3CD}.Ad-Hoc|x64.Build.0 = Release|x64
		{C8A3149D-77FF-452C-AF68-AA38A7FCB3CD}.Ad-Hoc|x64.Deploy.0 = Release|x64
		{C8A3149D-77FF-452C-AF68-AA38A7FCB3CD}.Ad-Hoc|x86.ActiveCfg = Release|x86
		{C8A3149D-77FF-452C-AF68-AA38A7FCB3CD}.Ad-Hoc|x86.Build.0 = Release|x86
		{C8A3149D-77FF-452C-AF68-AA38A7FCB3CD}.Ad-Hoc|x86.Deploy.0 = Release|x86
		{C8A3149D-77FF-452C-AF68-AA38A7FCB3CD}.AppStore|Any CPU.ActiveCfg = Release|x86
		{C8A3149D-77FF-452C-AF68-AA38A7FCB3CD}.AppStore|Any CPU.Build.0 = Release|x86
		{C8A3149D-77FF-452C-AF68-AA38A7FCB3CD}.AppStore|Any CPU.Deploy.0 = Release|x86
		{C8A3149D-77FF-452C-AF68-AA38A7FCB3CD}.AppStore|ARM.ActiveCfg = Release|ARM
		{C8A3149D-77FF-452C-AF68-AA38A7FCB3CD}.AppStore|ARM.Build.0 = Release|ARM
		{C8A3149D-77FF-452C-AF68-AA38A7FCB3CD}.AppStore|ARM.Deploy.0 = Release|ARM
		{C8A3149D-77FF-452C-AF68-AA38A7FCB3CD}.AppStore|iPhone.ActiveCfg = Release|x86
		{C8A3149D-77FF-452C-AF68-AA38A7FCB3CD}.AppStore|iPhone.Build.0 = Release|x86
		{C8A3149D-77FF-452C-AF68-AA38A7FCB3CD}.AppStore|iPhone.Deploy.0 = Release|x86
		{C8A3149D-77FF-452C-AF68-AA38A7FCB3CD}.AppStore|iPhoneSimulator.ActiveCfg = Release|x86
		{C8A3149D-77FF-452C-AF68-AA38A7FCB3CD}.AppStore|iPhoneSimulator.Build.0 = Release|x86
		{C8A3149D-77FF-452C-AF68-AA38A7FCB3CD}.AppStore|iPhoneSimulator.Deploy.0 = Release|x86
		{C8A3149D-77FF-452C-AF68-AA38A7FCB3CD}.AppStore|x64.ActiveCfg = Release|x64
		{C8A3149D-77FF-452C-AF68-AA38A7FCB3CD}.AppStore|x64.Build.0 = Release|x64
		{C8A3149D-77FF-452C-AF68-AA38A7FCB3CD}.AppStore|x64.Deploy.0 = Release|x64
		{C8A3149D-77FF-452C-AF68-AA38A7FCB3CD}.AppStore|x86.ActiveCfg = Release|x86
		{C8A3149D-77FF-452C-AF68-AA38A7FCB3CD}.AppStore|x86.Build.0 = Release|x86
		{C8A3149D-77FF-452C-AF68-AA38A7FCB3CD}.AppStore|x86.Deploy.0 = Release|x86
		{C8A3149D-77FF-452C-AF68-AA38A7FCB3CD}.Debug|Any CPU.ActiveCfg = Debug|x86
		{C8A3149D-77FF-452C-AF68-AA38A7FCB3CD}.Debug|ARM.ActiveCfg = Debug|ARM
		{C8A3149D-77FF-452C-AF68-AA38A7FCB3CD}.Debug|ARM.Build.0 = Debug|ARM
		{C8A3149D-77FF-452C-AF68-AA38A7FCB3CD}.Debug|ARM.Deploy.0 = Debug|ARM
		{C8A3149D-77FF-452C-AF68-AA38A7FCB3CD}.Debug|iPhone.ActiveCfg = Debug|x86
		{C8A3149D-77FF-452C-AF68-AA38A7FCB3CD}.Debug|iPhoneSimulator.ActiveCfg = Debug|x86
		{C8A3149D-77FF-452C-AF68-AA38A7FCB3CD}.Debug|x64.ActiveCfg = Debug|x64
		{C8A3149D-77FF-452C-AF68-AA38A7FCB3CD}.Debug|x64.Build.0 = Debug|x64
		{C8A3149D-77FF-452C-AF68-AA38A7FCB3CD}.Debug|x64.Deploy.0 = Debug|x64
		{C8A3149D-77FF-452C-AF68-AA38A7FCB3CD}.Debug|x86.ActiveCfg = Debug|x86
		{C8A3149D-77FF-452C-AF68-AA38A7FCB3CD}.Debug|x86.Build.0 = Debug|x86
		{C8A3149D-77FF-452C-AF68-AA38A7FCB3CD}.Debug|x86.Deploy.0 = Debug|x86
		{C8A3149D-77FF-452C-AF68-AA38A7FCB3CD}.Release|Any CPU.ActiveCfg = Release|x86
		{C8A3149D-77FF-452C-AF68-AA38A7FCB3CD}.Release|ARM.ActiveCfg = Release|ARM
		{C8A3149D-77FF-452C-AF68-AA38A7FCB3CD}.Release|ARM.Build.0 = Release|ARM
		{C8A3149D-77FF-452C-AF68-AA38A7FCB3CD}.Release|ARM.Deploy.0 = Release|ARM
		{C8A3149D-77FF-452C-AF68-AA38A7FCB3CD}.Release|iPhone.ActiveCfg = Release|x86
		{C8A3149D-77FF-452C-AF68-AA38A7FCB3CD}.Release|iPhoneSimulator.ActiveCfg = Release|x86
		{C8A3149D-77FF-452C-AF68-AA38A7FCB3CD}.Release|x64.ActiveCfg = Release|x64
		{C8A3149D-77FF-452C-AF68-AA38A7FCB3CD}.Release|x64.Build.0 = Release|x64
		{C8A3149D-77FF-452C-AF68-AA38A7FCB3CD}.Release|x64.Deploy.0 = Release|x64
		{C8A3149D-77FF-452C-AF68-AA38A7FCB3CD}.Release|x86.ActiveCfg = Release|x86
		{C8A3149D-77FF-452C-AF68-AA38A7FCB3CD}.Release|x86.Build.0 = Release|x86
		{C8A3149D-77FF-452C-AF68-AA38A7FCB3CD}.Release|x86.Deploy.0 = Release|x86
		{7C641B62-4B82-4E27-960E-1BDEC22F2FEE}.Ad-Hoc|Any CPU.ActiveCfg = Debug|Any CPU
		{7C641B62-4B82-4E27-960E-1BDEC22F2FEE}.Ad-Hoc|Any CPU.Build.0 = Debug|Any CPU
		{7C641B62-4B82-4E27-960E-1BDEC22F2FEE}.Ad-Hoc|ARM.ActiveCfg = Debug|Any CPU
		{7C641B62-4B82-4E27-960E-1BDEC22F2FEE}.Ad-Hoc|ARM.Build.0 = Debug|Any CPU
		{7C641B62-4B82-4E27-960E-1BDEC22F2FEE}.Ad-Hoc|iPhone.ActiveCfg = Debug|Any CPU
		{7C641B62-4B82-4E27-960E-1BDEC22F2FEE}.Ad-Hoc|iPhone.Build.0 = Debug|Any CPU
		{7C641B62-4B82-4E27-960E-1BDEC22F2FEE}.Ad-Hoc|iPhoneSimulator.ActiveCfg = Debug|Any CPU
		{7C641B62-4B82-4E27-960E-1BDEC22F2FEE}.Ad-Hoc|iPhoneSimulator.Build.0 = Debug|Any CPU
		{7C641B62-4B82-4E27-960E-1BDEC22F2FEE}.Ad-Hoc|x64.ActiveCfg = Debug|Any CPU
		{7C641B62-4B82-4E27-960E-1BDEC22F2FEE}.Ad-Hoc|x64.Build.0 = Debug|Any CPU
		{7C641B62-4B82-4E27-960E-1BDEC22F2FEE}.Ad-Hoc|x86.ActiveCfg = Debug|Any CPU
		{7C641B62-4B82-4E27-960E-1BDEC22F2FEE}.Ad-Hoc|x86.Build.0 = Debug|Any CPU
		{7C641B62-4B82-4E27-960E-1BDEC22F2FEE}.AppStore|Any CPU.ActiveCfg = Debug|Any CPU
		{7C641B62-4B82-4E27-960E-1BDEC22F2FEE}.AppStore|Any CPU.Build.0 = Debug|Any CPU
		{7C641B62-4B82-4E27-960E-1BDEC22F2FEE}.AppStore|ARM.ActiveCfg = Debug|Any CPU
		{7C641B62-4B82-4E27-960E-1BDEC22F2FEE}.AppStore|ARM.Build.0 = Debug|Any CPU
		{7C641B62-4B82-4E27-960E-1BDEC22F2FEE}.AppStore|iPhone.ActiveCfg = Debug|Any CPU
		{7C641B62-4B82-4E27-960E-1BDEC22F2FEE}.AppStore|iPhone.Build.0 = Debug|Any CPU
		{7C641B62-4B82-4E27-960E-1BDEC22F2FEE}.AppStore|iPhoneSimulator.ActiveCfg = Debug|Any CPU
		{7C641B62-4B82-4E27-960E-1BDEC22F2FEE}.AppStore|iPhoneSimulator.Build.0 = Debug|Any CPU
		{7C641B62-4B82-4E27-960E-1BDEC22F2FEE}.AppStore|x64.ActiveCfg = Debug|Any CPU
		{7C641B62-4B82-4E27-960E-1BDEC22F2FEE}.AppStore|x64.Build.0 = Debug|Any CPU
		{7C641B62-4B82-4E27-960E-1BDEC22F2FEE}.AppStore|x86.ActiveCfg = Debug|Any CPU
		{7C641B62-4B82-4E27-960E-1BDEC22F2FEE}.AppStore|x86.Build.0 = Debug|Any CPU
		{7C641B62-4B82-4E27-960E-1BDEC22F2FEE}.Debug|Any CPU.ActiveCfg = Debug|Any CPU
		{7C641B62-4B82-4E27-960E-1BDEC22F2FEE}.Debug|Any CPU.Build.0 = Debug|Any CPU
		{7C641B62-4B82-4E27-960E-1BDEC22F2FEE}.Debug|ARM.ActiveCfg = Debug|Any CPU
		{7C641B62-4B82-4E27-960E-1BDEC22F2FEE}.Debug|ARM.Build.0 = Debug|Any CPU
		{7C641B62-4B82-4E27-960E-1BDEC22F2FEE}.Debug|iPhone.ActiveCfg = Debug|Any CPU
		{7C641B62-4B82-4E27-960E-1BDEC22F2FEE}.Debug|iPhone.Build.0 = Debug|Any CPU
		{7C641B62-4B82-4E27-960E-1BDEC22F2FEE}.Debug|iPhoneSimulator.ActiveCfg = Debug|Any CPU
		{7C641B62-4B82-4E27-960E-1BDEC22F2FEE}.Debug|iPhoneSimulator.Build.0 = Debug|Any CPU
		{7C641B62-4B82-4E27-960E-1BDEC22F2FEE}.Debug|x64.ActiveCfg = Debug|Any CPU
		{7C641B62-4B82-4E27-960E-1BDEC22F2FEE}.Debug|x64.Build.0 = Debug|Any CPU
		{7C641B62-4B82-4E27-960E-1BDEC22F2FEE}.Debug|x86.ActiveCfg = Debug|Any CPU
		{7C641B62-4B82-4E27-960E-1BDEC22F2FEE}.Debug|x86.Build.0 = Debug|Any CPU
		{7C641B62-4B82-4E27-960E-1BDEC22F2FEE}.Release|Any CPU.ActiveCfg = Release|Any CPU
		{7C641B62-4B82-4E27-960E-1BDEC22F2FEE}.Release|Any CPU.Build.0 = Release|Any CPU
		{7C641B62-4B82-4E27-960E-1BDEC22F2FEE}.Release|ARM.ActiveCfg = Release|Any CPU
		{7C641B62-4B82-4E27-960E-1BDEC22F2FEE}.Release|ARM.Build.0 = Release|Any CPU
		{7C641B62-4B82-4E27-960E-1BDEC22F2FEE}.Release|iPhone.ActiveCfg = Release|Any CPU
		{7C641B62-4B82-4E27-960E-1BDEC22F2FEE}.Release|iPhone.Build.0 = Release|Any CPU
		{7C641B62-4B82-4E27-960E-1BDEC22F2FEE}.Release|iPhoneSimulator.ActiveCfg = Release|Any CPU
		{7C641B62-4B82-4E27-960E-1BDEC22F2FEE}.Release|iPhoneSimulator.Build.0 = Release|Any CPU
		{7C641B62-4B82-4E27-960E-1BDEC22F2FEE}.Release|x64.ActiveCfg = Release|Any CPU
		{7C641B62-4B82-4E27-960E-1BDEC22F2FEE}.Release|x64.Build.0 = Release|Any CPU
		{7C641B62-4B82-4E27-960E-1BDEC22F2FEE}.Release|x86.ActiveCfg = Release|Any CPU
		{7C641B62-4B82-4E27-960E-1BDEC22F2FEE}.Release|x86.Build.0 = Release|Any CPU
	EndGlobalSection
	GlobalSection(SolutionProperties) = preSolution
		HideSolutionNode = FALSE
	EndGlobalSection
	GlobalSection(ExtensibilityGlobals) = postSolution
		SolutionGuid = {E308036C-363A-4051-885E-B4D6F8AFF6C3}
	EndGlobalSection
EndGlobal
